<?xml version="1.0" encoding="utf-8"?>
<Project ToolsVersion="4.0" xmlns="http://schemas.microsoft.com/developer/msbuild/2003">
  <ItemGroup>
    <Filter Include="Source Files">
      <UniqueIdentifier>{4FC737F1-C7A5-4376-A066-2A32D752A2FF}</UniqueIdentifier>
      <Extensions>cpp;c;cc;cxx;def;odl;idl;hpj;bat;asm;asmx</Extensions>
    </Filter>
    <Filter Include="Header Files">
      <UniqueIdentifier>{93995380-89BD-4b04-88EB-625FBE52EBFB}</UniqueIdentifier>
      <Extensions>h;hh;hpp;hxx;hm;inl;inc;xsd</Extensions>
    </Filter>
    <Filter Include="Resource Files">
      <UniqueIdentifier>{67DA6AB6-F800-4c08-8B7A-83BB121AAD01}</UniqueIdentifier>
      <Extensions>rc;ico;cur;bmp;dlg;rc2;rct;bin;rgs;gif;jpg;jpeg;jpe;resx;tiff;tif;png;wav;mfcribbon-ms</Extensions>
    </Filter>
    <Filter Include="Chapter01">
      <UniqueIdentifier>{33493291-f998-4cf9-9244-33b6450fe2f7}</UniqueIdentifier>
    </Filter>
    <Filter Include="Chapter02">
      <UniqueIdentifier>{631082aa-3df4-40a7-a919-5a3a113d2115}</UniqueIdentifier>
    </Filter>
    <Filter Include="Chapter03">
      <UniqueIdentifier>{8b5aca41-8b90-4037-b90c-5a5b9fbf29b5}</UniqueIdentifier>
    </Filter>
  </ItemGroup>
  <ItemGroup>
    <Text Include="ReadMe.txt" />
  </ItemGroup>
  <ItemGroup>
    <ClInclude Include="stdafx.h">
      <Filter>Header Files</Filter>
    </ClInclude>
    <ClInclude Include="targetver.h">
      <Filter>Header Files</Filter>
    </ClInclude>
    <ClInclude Include="Chapter02\2jjalloc.h">
      <Filter>Chapter02</Filter>
    </ClInclude>
    <ClInclude Include="Chapter03\3mylist.h">
      <Filter>Chapter03</Filter>
    </ClInclude>
    <ClInclude Include="Chapter03\3MyListIterator.h">
      <Filter>Chapter03</Filter>
    </ClInclude>
  </ItemGroup>
  <ItemGroup>
    <ClCompile Include="stdafx.cpp">
      <Filter>Source Files</Filter>
    </ClCompile>
    <ClCompile Include="CPlusPlusStandardLibrary.cpp">
      <Filter>Source Files</Filter>
    </ClCompile>
    <ClCompile Include="Chapter01\1config5.cpp">
      <Filter>Chapter01</Filter>
    </ClCompile>
    <ClCompile Include="Chapter01\1config6.cpp">
      <Filter>Chapter01</Filter>
    </ClCompile>
    <ClCompile Include="Chapter01\1config8.cpp">
      <Filter>Chapter01</Filter>
    </ClCompile>
    <ClCompile Include="Chapter01\1config10.cpp">
      <Filter>Chapter01</Filter>
    </ClCompile>
    <ClCompile Include="Chapter01\1config11.cpp">
      <Filter>Chapter01</Filter>
    </ClCompile>
    <ClCompile Include="Chapter01\1config12.cpp">
      <Filter>Chapter01</Filter>
    </ClCompile>
    <ClCompile Include="Chapter01\1config13.cpp">
      <Filter>Chapter01</Filter>
    </ClCompile>
    <ClCompile Include="Chapter01\1config-temporary-object.cpp">
      <Filter>Chapter01</Filter>
    </ClCompile>
    <ClCompile Include="Chapter01\1config-inclass-init.cpp">
      <Filter>Chapter01</Filter>
    </ClCompile>
    <ClCompile Include="Chapter01\1config-operator-overloading.cpp">
      <Filter>Chapter01</Filter>
    </ClCompile>
    <ClCompile Include="Chapter01\1config14.cpp">
      <Filter>Chapter01</Filter>
    </ClCompile>
    <ClCompile Include="Chapter01\1functor.cpp">
      <Filter>Chapter01</Filter>
    </ClCompile>
    <ClCompile Include="Chapter02\2jjalloc.cpp">
      <Filter>Chapter02</Filter>
    </ClCompile>
    <ClCompile Include="Chapter02\2stdalloc.cpp">
      <Filter>Chapter02</Filter>
    </ClCompile>
    <ClCompile Include="Chapter02\malloc_alloc_template.cpp">
      <Filter>Chapter02</Filter>
    </ClCompile>
    <ClCompile Include="Chapter02\sub_allocation.cpp">
      <Filter>Chapter02</Filter>
    </ClCompile>
    <ClCompile Include="Chapter02\uninitialized.cpp">
      <Filter>Chapter02</Filter>
    </ClCompile>
    <ClCompile Include="Chapter03\3findAlgo.cpp">
      <Filter>Chapter03</Filter>
    </ClCompile>
    <ClCompile Include="Chapter03\3find.cpp">
      <Filter>Chapter03</Filter>
    </ClCompile>
    <ClCompile Include="Chapter03\3autoptr.cpp">
      <Filter>Chapter03</Filter>
    </ClCompile>
    <ClCompile Include="Chapter03\3mylist.cpp">
      <Filter>Chapter03</Filter>
    </ClCompile>
    <ClCompile Include="Chapter03\3mylist-iterator-test.cpp">
      <Filter>Chapter03</Filter>
    </ClCompile>
  </ItemGroup>
</Project>